# This file is automatically @generated by Cargo.
# It is not intended for manual editing.
version = 4

[[package]]
name = "partitionline-zstd-decision-spike"
version = "0.0.0"
dependencies = [
 "ruzstd",
 "zstd-rs",
]

[[package]]
name = "ruzstd"
version = "0.8.1"
source = "registry+https://github.com/rust-lang/crates.io-index"
checksum = "3640bec8aad418d7d03c72ea2de10d5c646a598f9883c7babc160d91e3c1b26c"
dependencies = [
 "twox-hash",
]

[[package]]
name = "twox-hash"
version = "2.1.4"
source = "registry+https://github.com/rust-lang/crates.io-index"
checksum = "5283634e518fe9e82c7b20520bb4bc209009fd16c82077c802f8111ecbb0117a"

[[package]]
name = "zstd-rs"
version = "0.1.0"
source = "registry+https://github.com/rust-lang/crates.io-index"
checksum = "41514ccc30389f95bb9e6ab6d5634f17121c7b4fead6722a5fceec1c7891d78f"
